
Microsoft Visual Studio Solution File, Format Version 12.00
# Visual Studio 15
VisualStudioVersion = 15.0.27703.2042
MinimumVisualStudioVersion = 10.0.40219.1
Project("{9A19103F-16F7-4668-BE54-9A1E7A4F7556}") = "CometD.NetCore.Salesforce", "src\CometD.NetCore.Salesforce\CometD.NetCore.Salesforce.csproj", "{CDF94744-1E4D-41D4-A3AC-C0D1AFA6FD40}"
EndProject
Project("{2150E333-8FDC-42A3-9474-1A3956D46DE8}") = "Solution Items", "Solution Items", "{8031B188-9FF6-4932-90AC-98DD21AF4D13}"
	ProjectSection(SolutionItems) = preProject
		.editorconfig = .editorconfig
		.gitignore = .gitignore
		appveyor.yml = appveyor.yml
		Directory.Build.props = Directory.Build.props
		LICENSE = LICENSE
		README.md = README.md
	EndProjectSection
EndProject
Global
	GlobalSection(SolutionConfigurationPlatforms) = preSolution
		Debug|Any CPU = Debug|Any CPU
		Release|Any CPU = Release|Any CPU
	EndGlobalSection
	GlobalSection(ProjectConfigurationPlatforms) = postSolution
		{CDF94744-1E4D-41D4-A3AC-C0D1AFA6FD40}.Debug|Any CPU.ActiveCfg = Debug|Any CPU
		{CDF94744-1E4D-41D4-A3AC-C0D1AFA6FD40}.Debug|Any CPU.Build.0 = Debug|Any CPU
		{CDF94744-1E4D-41D4-A3AC-C0D1AFA6FD40}.Release|Any CPU.ActiveCfg = Release|Any CPU
		{CDF94744-1E4D-41D4-A3AC-C0D1AFA6FD40}.Release|Any CPU.Build.0 = Release|Any CPU
	EndGlobalSection
	GlobalSection(SolutionProperties) = preSolution
		HideSolutionNode = FALSE
	EndGlobalSection
	GlobalSection(ExtensibilityGlobals) = postSolution
		SolutionGuid = {800A565D-7D93-4523-AD7A-EFA4067997DC}
	EndGlobalSection
EndGlobal
